// !$*UTF8*$!
{
	archiveVersion = 1;
	classes = {
	};
	objectVersion = 56;
	objects = {

/* Begin PBXBuildFile section */
		6367B87C296DA5C800D70A7E /* AppDelegate.swift in Sources */ = {isa = PBXBuildFile; fileRef = 6367B87B296DA5C800D70A7E /* AppDelegate.swift */; };
		6367B87E296DA5C800D70A7E /* SceneDelegate.swift in Sources */ = {isa = PBXBuildFile; fileRef = 6367B87D296DA5C800D70A7E /* SceneDelegate.swift */; };
		6367B880296DA5C800D70A7E /* ViewController.swift in Sources */ = {isa = PBXBuildFile; fileRef = 6367B87F296DA5C800D70A7E /* ViewController.swift */; };
		6367B885296DA5CB00D70A7E /* Assets.xcassets in Resources */ = {isa = PBXBuildFile; fileRef = 6367B884296DA5CB00D70A7E /* Assets.xcassets */; };
		6367B888296DA5CB00D70A7E /* LaunchScreen.storyboard in Resources */ = {isa = PBXBuildFile; fileRef = 6367B886296DA5CB00D70A7E /* LaunchScreen.storyboard */; };
		6367B891296DB55600D70A7E /* MyTableViewCell.swift in Sources */ = {isa = PBXBuildFile; fileRef = 6367B890296DB55600D70A7E /* MyTableViewCell.swift */; };
		A087830A6D571FE4F3CC7512 /* Pods_FirstTableView.framework in Frameworks */ = {isa = PBXBuildFile; fileRef = CB4209D68300E8CA17E0DAEC /* Pods_FirstTableView.framework */; };
/* End PBXBuildFile section */

/* Begin PBXFileReference section */
		0D2597DCF260A7F6FD76A1F7 /* Pods-FirstTableView.debug.xcconfig */ = {isa = PBXFileReference; includeInIndex = 1; lastKnownFileType = text.xcconfig; name = "Pods-FirstTableView.debug.xcconfig"; path = "Target Support Files/Pods-FirstTableView/Pods-FirstTableView.debug.xcconfig"; sourceTree = "<group>"; };
		6367B878296DA5C800D70A7E /* FirstTableView.app */ = {isa = PBXFileReference; explicitFileType = wrapper.application; includeInIndex = 0; path = FirstTableView.app; sourceTree = BUILT_PRODUCTS_DIR; };
		6367B87B296DA5C800D70A7E /* AppDelegate.swift */ = {isa = PBXFileReference; lastKnownFileType = sourcecode.swift; path = AppDelegate.swift; sourceTree = "<group>"; };
		6367B87D296DA5C800D70A7E /* SceneDelegate.swift */ = {isa = PBXFileReference; lastKnownFileType = sourcecode.swift; path = SceneDelegate.swift; sourceTree = "<group>"; };
		6367B87F296DA5C800D70A7E /* ViewController.swift */ = {isa = PBXFileReference; lastKnownFileType = sourcecode.swift; path = ViewController.swift; sourceTree = "<group>"; };
		6367B884296DA5CB00D70A7E /* Assets.xcassets */ = {isa = PBXFileReference; lastKnownFileType = folder.assetcatalog; path = Assets.xcassets; sourceTree = "<group>"; };
		6367B887296DA5CB00D70A7E /* Base */ = {isa = PBXFileReference; lastKnownFileType = file.storyboard; name = Base; path = Base.lproj/LaunchScreen.storyboard; sourceTree = "<group>"; };
		6367B889296DA5CB00D70A7E /* Info.plist */ = {isa = PBXFileReference; lastKnownFileType = text.plist.xml; path = Info.plist; sourceTree = "<group>"; };
		6367B890296DB55600D70A7E /* MyTableViewCell.swift */ = {isa = PBXFileReference; lastKnownFileType = sourcecode.swift; path = MyTableViewCell.swift; sourceTree = "<group>"; };
		CB4209D68300E8CA17E0DAEC /* Pods_FirstTableView.framework */ = {isa = PBXFileReference; explicitFileType = wrapper.framework; includeInIndex = 0; path = Pods_FirstTableView.framework; sourceTree = BUILT_PRODUCTS_DIR; };
		E1264BA56E2E76B3AC753B98 /* Pods-FirstTableView.release.xcconfig */ = {isa = PBXFileReference; includeInIndex = 1; lastKnownFileType = text.xcconfig; name = "Pods-FirstTableView.release.xcconfig"; path = "Target Support Files/Pods-FirstTableView/Pods-FirstTableView.release.xcconfig"; sourceTree = "<group>"; };
/* End PBXFileReference section */

/* Begin PBXFrameworksBuildPhase section */
		6367B875296DA5C800D70A7E /* Frameworks */ = {
			isa = PBXFrameworksBuildPhase;
			buildActionMask = 2147483647;
			files = (
				A087830A6D571FE4F3CC7512 /* Pods_FirstTableView.framework in Frameworks */,
			);
			runOnlyForDeploymentPostprocessing = 0;
		};
/* End PBXFrameworksBuildPhase section */

/* Begin PBXGroup section */
		6367B86F296DA5C800D70A7E = {
			isa = PBXGroup;
			children = (
				6367B87A296DA5C800D70A7E /* FirstTableView */,
				6367B879296DA5C800D70A7E /* Products */,
				A1F605996FC8AAC6AF43E38E /* Pods */,
				C8EF134EEB9DC4C0AF9AB501 /* Frameworks */,
			);
			sourceTree = "<group>";
		};
		6367B879296DA5C800D70A7E /* Products */ = {
			isa = PBXGroup;
			children = (
				6367B878296DA5C800D70A7E /* FirstTableView.app */,
			);
			name = Products;
			sourceTree = "<group>";
		};
		6367B87A296DA5C800D70A7E /* FirstTableView */ = {
			isa = PBXGroup;
			children = (
				6367B88F296DB52A00D70A7E /* New Group */,
				6367B87B296DA5C800D70A7E /* AppDelegate.swift */,
				6367B87D296DA5C800D70A7E /* SceneDelegate.swift */,
				6367B87F296DA5C800D70A7E /* ViewController.swift */,
				6367B884296DA5CB00D70A7E /* Assets.xcassets */,
				6367B886296DA5CB00D70A7E /* LaunchScreen.storyboard */,
				6367B889296DA5CB00D70A7E /* Info.plist */,
			);
			path = FirstTableView;
			sourceTree = "<group>";
		};
		6367B88F296DB52A00D70A7E /* New Group */ = {
			isa = PBXGroup;
			children = (
				6367B890296DB55600D70A7E /* MyTableViewCell.swift */,
			);
			path = "New Group";
			sourceTree = "<group>";
		};
		A1F605996FC8AAC6AF43E38E /* Pods */ = {
			isa = PBXGroup;
			children = (
				0D2597DCF260A7F6FD76A1F7 /* Pods-FirstTableView.debug.xcconfig */,
				E1264BA56E2E76B3AC753B98 /* Pods-FirstTableView.release.xcconfig */,
			);
			path = Pods;
			sourceTree = "<group>";
		};
		C8EF134EEB9DC4C0AF9AB501 /* Frameworks */ = {
			isa = PBXGroup;
			children = (
				CB4209D68300E8CA17E0DAEC /* Pods_FirstTableView.framework */,
			);
			name = Frameworks;
			sourceTree = "<group>";
		};
/* End PBXGroup section */

/* Begin PBXNativeTarget section */
		6367B877296DA5C800D70A7E /* FirstTableView */ = {
			isa = PBXNativeTarget;
			buildConfigurationList = 6367B88C296DA5CB00D70A7E /* Build configuration list for PBXNativeTarget "FirstTableView" */;
			buildPhases = (
				9604BCF16F7FF890DB6037BC /* [CP] Check Pods Manifest.lock */,
				6367B874296DA5C800D70A7E /* Sources */,
				6367B875296DA5C800D70A7E /* Frameworks */,
				6367B876296DA5C800D70A7E /* Resources */,
				F3D51F0108232875AB3C3DEB /* [CP] Embed Pods Frameworks */,
			);
			buildRules = (
			);
			dependencies = (
			);
			name = FirstTableView;
			productName = FirstTableView;
			productReference = 6367B878296DA5C800D70A7E /* FirstTableView.app */;
			productType = "com.apple.product-type.application";
		};
/* End PBXNativeTarget section */

/* Begin PBXProject section */
		6367B870296DA5C800D70A7E /* Project object */ = {
			isa = PBXProject;
			attributes = {
				BuildIndependentTargetsInParallel = 1;
				LastSwiftUpdateCheck = 1410;
				LastUpgradeCheck = 1410;
				TargetAttributes = {
					6367B877296DA5C800D70A7E = {
						CreatedOnToolsVersion = 14.1;
					};
				};
			};
			buildConfigurationList = 6367B873296DA5C800D70A7E /* Build configuration list for PBXProject "FirstTableView" */;
			compatibilityVersion = "Xcode 14.0";
			developmentRegion = en;
			hasScannedForEncodings = 0;
			knownRegions = (
				en,
				Base,
			);
			mainGroup = 6367B86F296DA5C800D70A7E;
			productRefGroup = 6367B879296DA5C800D70A7E /* Products */;
			projectDirPath = "";
			projectRoot = "";
			targets = (
				6367B877296DA5C800D70A7E /* FirstTableView */,
			);
		};
/* End PBXProject section */

/* Begin PBXResourcesBuildPhase section */
		6367B876296DA5C800D70A7E /* Resources */ = {
			isa = PBXResourcesBuildPhase;
			buildActionMask = 2147483647;
			files = (
				6367B888296DA5CB00D70A7E /* LaunchScreen.storyboard in Resources */,
				6367B885296DA5CB00D70A7E /* Assets.xcassets in Resources */,
			);
			runOnlyForDeploymentPostprocessing = 0;
		};
/* End PBXResourcesBuildPhase section */

/* Begin PBXShellScriptBuildPhase section */
		9604BCF16F7FF890DB6037BC /* [CP] Check Pods Manifest.lock */ = {
			isa = PBXShellScriptBuildPhase;
			buildActionMask = 2147483647;
			files = (
			);
			inputFileListPaths = (
			);
			inputPaths = (
				"${PODS_PODFILE_DIR_PATH}/Podfile.lock",
				"${PODS_ROOT}/Manifest.lock",
			);
			name = "[CP] Check Pods Manifest.lock";
			outputFileListPaths = (
			);
			outputPaths = (
				"$(DERIVED_FILE_DIR)/Pods-FirstTableView-checkManifestLockResult.txt",
			);
			runOnlyForDeploymentPostprocessing = 0;
			shellPath = /bin/sh;
			shellScript = "diff \"${PODS_PODFILE_DIR_PATH}/Podfile.lock\" \"${PODS_ROOT}/Manifest.lock\" > /dev/null\nif [ $? != 0 ] ; then\n    # print error to STDERR\n    echo \"error: The sandbox is not in sync with the Podfile.lock. Run 'pod install' or update your CocoaPods installation.\" >&2\n    exit 1\nfi\n# This output is used by Xcode 'outputs' to avoid re-running this script phase.\necho \"SUCCESS\" > \"${SCRIPT_OUTPUT_FILE_0}\"\n";
			showEnvVarsInLog = 0;
		};
		F3D51F0108232875AB3C3DEB /* [CP] Embed Pods Frameworks */ = {
			isa = PBXShellScriptBuildPhase;
			buildActionMask = 2147483647;
			files = (
			);
			inputFileListPaths = (
				"${PODS_ROOT}/Target Support Files/Pods-FirstTableView/Pods-FirstTableView-frameworks-${CONFIGURATION}-input-files.xcfilelist",
			);
			name = "[CP] Embed Pods Frameworks";
			outputFileListPaths = (
				"${PODS_ROOT}/Target Support Files/Pods-FirstTableView/Pods-FirstTableView-frameworks-${CONFIGURATION}-output-files.xcfilelist",
			);
			runOnlyForDeploymentPostprocessing = 0;
			shellPath = /bin/sh;
			shellScript = "\"${PODS_ROOT}/Target Support Files/Pods-FirstTableView/Pods-FirstTableView-frameworks.sh\"\n";
			showEnvVarsInLog = 0;
		};
/* End PBXShellScriptBuildPhase section */

/* Begin PBXSourcesBuildPhase section */
		6367B874296DA5C800D70A7E /* Sources */ = {
			isa = PBXSourcesBuildPhase;
			buildActionMask = 2147483647;
			files = (
				6367B880296DA5C800D70A7E /* ViewController.swift in Sources */,
				6367B891296DB55600D70A7E /* MyTableViewCell.swift in Sources */,
				6367B87C296DA5C800D70A7E /* AppDelegate.swift in Sources */,
				6367B87E296DA5C800D70A7E /* SceneDelegate.swift in Sources */,
			);
			runOnlyForDeploymentPostprocessing = 0;
		};
/* End PBXSourcesBuildPhase section */

/* Begin PBXVariantGroup section */
		6367B886296DA5CB00D70A7E /* LaunchScreen.storyboard */ = {
			isa = PBXVariantGroup;
			children = (
				6367B887296DA5CB00D70A7E /* Base */,
			);
			name = LaunchScreen.storyboard;
			sourceTree = "<group>";
		};
/* End PBXVariantGroup section */

/* Begin XCBuildConfiguration section */
		6367B88A296DA5CB00D70A7E /* Debug */ = {
			isa = XCBuildConfiguration;
			buildSettings = {
				ALWAYS_SEARCH_USER_PATHS = NO;
				CLANG_ANALYZER_NONNULL = YES;
				CLANG_ANALYZER_NUMBER_OBJECT_CONVERSION = YES_AGGRESSIVE;
				CLANG_CXX_LANGUAGE_STANDARD = "gnu++20";
				CLANG_ENABLE_MODULES = YES;
				CLANG_ENABLE_OBJC_ARC = YES;
				CLANG_ENABLE_OBJC_WEAK = YES;
				CLANG_WARN_BLOCK_CAPTURE_AUTORELEASING = YES;
				CLANG_WARN_BOOL_CONVERSION = YES;
				CLANG_WARN_COMMA = YES;
				CLANG_WARN_CONSTANT_CONVERSION = YES;
				CLANG_WARN_DEPRECATED_OBJC_IMPLEMENTATIONS = YES;
				CLANG_WARN_DIRECT_OBJC_ISA_USAGE = YES_ERROR;
				CLANG_WARN_DOCUMENTATION_COMMENTS = YES;
				CLANG_WARN_EMPTY_BODY = YES;
				CLANG_WARN_ENUM_CONVERSION = YES;
				CLANG_WARN_INFINITE_RECURSION = YES;
				CLANG_WARN_INT_CONVERSION = YES;
				CLANG_WARN_NON_LITERAL_NULL_CONVERSION = YES;
				CLANG_WARN_OBJC_IMPLICIT_RETAIN_SELF = YES;
				CLANG_WARN_OBJC_LITERAL_CONVERSION = YES;
				CLANG_WARN_OBJC_ROOT_CLASS = YES_ERROR;
				CLANG_WARN_QUOTED_INCLUDE_IN_FRAMEWORK_HEADER = YES;
				CLANG_WARN_RANGE_LOOP_ANALYSIS = YES;
				CLANG_WARN_STRICT_PROTOTYPES = YES;
				CLANG_WARN_SUSPICIOUS_MOVE = YES;
				CLANG_WARN_UNGUARDED_AVAILABILITY = YES_AGGRESSIVE;
				CLANG_WARN_UNREACHABLE_CODE = YES;
				CLANG_WARN__DUPLICATE_METHOD_MATCH = YES;
				COPY_PHASE_STRIP = NO;
				DEBUG_INFORMATION_FORMAT = dwarf;
				ENABLE_STRICT_OBJC_MSGSEND = YES;
				ENABLE_TESTABILITY = YES;
				GCC_C_LANGUAGE_STANDARD = gnu11;
				GCC_DYNAMIC_NO_PIC = NO;
				GCC_NO_COMMON_BLOCKS = YES;
				GCC_OPTIMIZATION_LEVEL = 0;
				GCC_PREPROCESSOR_DEFINITIONS = (
					"DEBUG=1",
					"$(inherited)",
				);
				GCC_WARN_64_TO_32_BIT_CONVERSION = YES;
				GCC_WARN_ABOUT_RETURN_TYPE = YES_ERROR;
				GCC_WARN_UNDECLARED_SELECTOR = YES;
				GCC_WARN_UNINITIALIZED_AUTOS = YES_AGGRESSIVE;
				GCC_WARN_UNUSED_FUNCTION = YES;
				GCC_WARN_UNUSED_VARIABLE = YES;
				IPHONEOS_DEPLOYMENT_TARGET = 16.1;
				MTL_ENABLE_DEBUG_INFO = INCLUDE_SOURCE;
				MTL_FAST_MATH = YES;
				ONLY_ACTIVE_ARCH = YES;
				SDKROOT = iphoneos;
				SWIFT_ACTIVE_COMPILATION_CONDITIONS = DEBUG;
				SWIFT_OPTIMIZATION_LEVEL = "-Onone";
			};
			name = Debug;
		};
		6367B88B296DA5CB00D70A7E /* Release */ = {
			isa = XCBuildConfiguration;
			buildSettings = {
				ALWAYS_SEARCH_USER_PATHS = NO;
				CLANG_ANALYZER_NONNULL = YES;
				CLANG_ANALYZER_NUMBER_OBJECT_CONVERSION = YES_AGGRESSIVE;
				CLANG_CXX_LANGUAGE_STANDARD = "gnu++20";
				CLANG_ENABLE_MODULES = YES;
				CLANG_ENABLE_OBJC_ARC = YES;
				CLANG_ENABLE_OBJC_WEAK = YES;
				CLANG_WARN_BLOCK_CAPTURE_AUTORELEASING = YES;
				CLANG_WARN_BOOL_CONVERSION = YES;
				CLANG_WARN_COMMA = YES;
				CLANG_WARN_CONSTANT_CONVERSION = YES;
				CLANG_WARN_DEPRECATED_OBJC_IMPLEMENTATIONS = YES;
				CLANG_WARN_DIRECT_OBJC_ISA_USAGE = YES_ERROR;
				CLANG_WARN_DOCUMENTATION_COMMENTS = YES;
				CLANG_WARN_EMPTY_BODY = YES;
				CLANG_WARN_ENUM_CONVERSION = YES;
				CLANG_WARN_INFINITE_RECURSION = YES;
				CLANG_WARN_INT_CONVERSION = YES;
				CLANG_WARN_NON_LITERAL_NULL_CONVERSION = YES;
				CLANG_WARN_OBJC_IMPLICIT_RETAIN_SELF = YES;
				CLANG_WARN_OBJC_LITERAL_CONVERSION = YES;
				CLANG_WARN_OBJC_ROOT_CLASS = YES_ERROR;
				CLANG_WARN_QUOTED_INCLUDE_IN_FRAMEWORK_HEADER = YES;
				CLANG_WARN_RANGE_LOOP_ANALYSIS = YES;
				CLANG_WARN_STRICT_PROTOTYPES = YES;
				CLANG_WARN_SUSPICIOUS_MOVE = YES;
				CLANG_WARN_UNGUARDED_AVAILABILITY = YES_AGGRESSIVE;
				CLANG_WARN_UNREACHABLE_CODE = YES;
				CLANG_WARN__DUPLICATE_METHOD_MATCH = YES;
				COPY_PHASE_STRIP = NO;
				DEBUG_INFORMATION_FORMAT = "dwarf-with-dsym";
				ENABLE_NS_ASSERTIONS = NO;
				ENABLE_STRICT_OBJC_MSGSEND = YES;
				GCC_C_LANGUAGE_STANDARD = gnu11;
				GCC_NO_COMMON_BLOCKS = YES;
				GCC_WARN_64_TO_32_BIT_CONVERSION = YES;
				GCC_WARN_ABOUT_RETURN_TYPE = YES_ERROR;
				GCC_WARN_UNDECLARED_SELECTOR = YES;
				GCC_WARN_UNINITIALIZED_AUTOS = YES_AGGRESSIVE;
				GCC_WARN_UNUSED_FUNCTION = YES;
				GCC_WARN_UNUSED_VARIABLE = YES;
				IPHONEOS_DEPLOYMENT_TARGET = 16.1;
				MTL_ENABLE_DEBUG_INFO = NO;
				MTL_FAST_MATH = YES;
				SDKROOT = iphoneos;
				SWIFT_COMPILATION_MODE = wholemodule;
				SWIFT_OPTIMIZATION_LEVEL = "-O";
				VALIDATE_PRODUCT = YES;
			};
			name = Release;
		};
		6367B88D296DA5CB00D70A7E /* Debug */ = {
			isa = XCBuildConfiguration;
			baseConfigurationReference = 0D2597DCF260A7F6FD76A1F7 /* Pods-FirstTableView.debug.xcconfig */;
			buildSettings = {
				ASSETCATALOG_COMPILER_APPICON_NAME = AppIcon;
				ASSETCATALOG_COMPILER_GLOBAL_ACCENT_COLOR_NAME = AccentColor;
				CODE_SIGN_STYLE = Automatic;
				CURRENT_PROJECT_VERSION = 1;
				GENERATE_INFOPLIST_FILE = YES;
				INFOPLIST_FILE = FirstTableView/Info.plist;
				INFOPLIST_KEY_UIApplicationSupportsIndirectInputEvents = YES;
				INFOPLIST_KEY_UILaunchStoryboardName = LaunchScreen;
				INFOPLIST_KEY_UISupportedInterfaceOrientations_iPad = "UIInterfaceOrientationPortrait UIInterfaceOrientationPortraitUpsideDown UIInterfaceOrientationLandscapeLeft UIInterfaceOrientationLandscapeRight";
				INFOPLIST_KEY_UISupportedInterfaceOrientations_iPhone = "UIInterfaceOrientationPortrait UIInterfaceOrientationLandscapeLeft UIInterfaceOrientationLandscapeRight";
				LD_RUNPATH_SEARCH_PATHS = (
					"$(inherited)",
					"@executable_path/Frameworks",
				);
				MARKETING_VERSION = 1.0;
				PRODUCT_BUNDLE_IDENTIFIER = sdu.edu.160104029.FirstTableView;
				PRODUCT_NAME = "$(TARGET_NAME)";
				SWIFT_EMIT_LOC_STRINGS = YES;
				SWIFT_VERSION = 5.0;
				TARGETED_DEVICE_FAMILY = "1,2";
			};
			name = Debug;
		};
		6367B88E296DA5CB00D70A7E /* Release */ = {
			isa = XCBuildConfiguration;
			baseConfigurationReference = E1264BA56E2E76B3AC753B98 /* Pods-FirstTableView.release.xcconfig */;
			buildSettings = {
				ASSETCATALOG_COMPILER_APPICON_NAME = AppIcon;
				ASSETCATALOG_COMPILER_GLOBAL_ACCENT_COLOR_NAME = AccentColor;
				CODE_SIGN_STYLE = Automatic;
				CURRENT_PROJECT_VERSION = 1;
				GENERATE_INFOPLIST_FILE = YES;
				INFOPLIST_FILE = FirstTableView/Info.plist;
				INFOPLIST_KEY_UIApplicationSupportsIndirectInputEvents = YES;
				INFOPLIST_KEY_UILaunchStoryboardName = LaunchScreen;
				INFOPLIST_KEY_UISupportedInterfaceOrientations_iPad = "UIInterfaceOrientationPortrait UIInterfaceOrientationPortraitUpsideDown UIInterfaceOrientationLandscapeLeft UIInterfaceOrientationLandscapeRight";
				INFOPLIST_KEY_UISupportedInterfaceOrientations_iPhone = "UIInterfaceOrientationPortrait UIInterfaceOrientationLandscapeLeft UIInterfaceOrientationLandscapeRight";
				LD_RUNPATH_SEARCH_PATHS = (
					"$(inherited)",
					"@executable_path/Frameworks",
				);
				MARKETING_VERSION = 1.0;
				PRODUCT_BUNDLE_IDENTIFIER = sdu.edu.160104029.FirstTableView;
				PRODUCT_NAME = "$(TARGET_NAME)";
				SWIFT_EMIT_LOC_STRINGS = YES;
				SWIFT_VERSION = 5.0;
				TARGETED_DEVICE_FAMILY = "1,2";
			};
			name = Release;
		};
/* End XCBuildConfiguration section */

/* Begin XCConfigurationList section */
		6367B873296DA5C800D70A7E /* Build configuration list for PBXProject "FirstTableView" */ = {
			isa = XCConfigurationList;
			buildConfigurations = (
				6367B88A296DA5CB00D70A7E /* Debug */,
				6367B88B296DA5CB00D70A7E /* Release */,
			);
			defaultConfigurationIsVisible = 0;
			defaultConfigurationName = Release;
		};
		6367B88C296DA5CB00D70A7E /* Build configuration list for PBXNativeTarget "FirstTableView" */ = {
			isa = XCConfigurationList;
			buildConfigurations = (
				6367B88D296DA5CB00D70A7E /* Debug */,
				6367B88E296DA5CB00D70A7E /* Release */,
			);
			defaultConfigurationIsVisible = 0;
			defaultConfigurationName = Release;
		};
/* End XCConfigurationList section */
	};
	rootObject = 6367B870296DA5C800D70A7E /* Project object */;
}
